// !$*UTF8*$!
{
	archiveVersion = 1;
	classes = {
	};
	objectVersion = 46;
	objects = {

/* Begin PBXBuildFile section */
		BB5204971A2E7F1800FA0241 /* main.m in Sources */ = {isa = PBXBuildFile; fileRef = BB5204961A2E7F1800FA0241 /* main.m */; };
		BB52049A1A2E7F1800FA0241 /* AppDelegate.m in Sources */ = {isa = PBXBuildFile; fileRef = BB5204991A2E7F1800FA0241 /* AppDelegate.m */; };
		BB52049D1A2E7F1800FA0241 /* ViewController.m in Sources */ = {isa = PBXBuildFile; fileRef = BB52049C1A2E7F1800FA0241 /* ViewController.m */; };
		BB5204A01A2E7F1800FA0241 /* Main.storyboard in Resources */ = {isa = PBXBuildFile; fileRef = BB52049E1A2E7F1800FA0241 /* Main.storyboard */; };
		BB5204A21A2E7F1800FA0241 /* Images.xcassets in Resources */ = {isa = PBXBuildFile; fileRef = BB5204A11A2E7F1800FA0241 /* Images.xcassets */; };
		BB5204A51A2E7F1800FA0241 /* LaunchScreen.xib in Resources */ = {isa = PBXBuildFile; fileRef = BB5204A31A2E7F1800FA0241 /* LaunchScreen.xib */; };
		BB5204B11A2E7F1800FA0241 /* XCToolIncrementalBuildTests.m in Sources */ = {isa = PBXBuildFile; fileRef = BB5204B01A2E7F1800FA0241 /* XCToolIncrementalBuildTests.m */; };
/* End PBXBuildFile section */

/* Begin PBXContainerItemProxy section */
		BB5204AB1A2E7F1800FA0241 /* PBXContainerItemProxy */ = {
			isa = PBXContainerItemProxy;
			containerPortal = BB5204891A2E7F1800FA0241 /* Project object */;
			proxyType = 1;
			remoteGlobalIDString = BB5204901A2E7F1800FA0241;
			remoteInfo = XCToolIncrementalBuild;
		};
/* End PBXContainerItemProxy section */

/* Begin PBXFileReference section */
		BB5204911A2E7F1800FA0241 /* XCToolIncrementalBuild.app */ = {isa = PBXFileReference; explicitFileType = wrapper.application; includeInIndex = 0; path = XCToolIncrementalBuild.app; sourceTree = BUILT_PRODUCTS_DIR; };
		BB5204951A2E7F1800FA0241 /* Info.plist */ = {isa = PBXFileReference; lastKnownFileType = text.plist.xml; path = Info.plist; sourceTree = "<group>"; };
		BB5204961A2E7F1800FA0241 /* main.m */ = {isa = PBXFileReference; lastKnownFileType = sourcecode.c.objc; path = main.m; sourceTree = "<group>"; };
		BB5204981A2E7F1800FA0241 /* AppDelegate.h */ = {isa = PBXFileReference; lastKnownFileType = sourcecode.c.h; path = AppDelegate.h; sourceTree = "<group>"; };
		BB5204991A2E7F1800FA0241 /* AppDelegate.m */ = {isa = PBXFileReference; lastKnownFileType = sourcecode.c.objc; path = AppDelegate.m; sourceTree = "<group>"; };
		BB52049B1A2E7F1800FA0241 /* ViewController.h */ = {isa = PBXFileReference; lastKnownFileType = sourcecode.c.h; path = ViewController.h; sourceTree = "<group>"; };
		BB52049C1A2E7F1800FA0241 /* ViewController.m */ = {isa = PBXFileReference; lastKnownFileType = sourcecode.c.objc; path = ViewController.m; sourceTree = "<group>"; };
		BB52049F1A2E7F1800FA0241 /* Base */ = {isa = PBXFileReference; lastKnownFileType = file.storyboard; name = Base; path = Base.lproj/Main.storyboard; sourceTree = "<group>"; };
		BB5204A11A2E7F1800FA0241 /* Images.xcassets */ = {isa = PBXFileReference; lastKnownFileType = folder.assetcatalog; path = Images.xcassets; sourceTree = "<group>"; };
		BB5204A41A2E7F1800FA0241 /* Base */ = {isa = PBXFileReference; lastKnownFileType = file.xib; name = Base; path = Base.lproj/LaunchScreen.xib; sourceTree = "<group>"; };
		BB5204AA1A2E7F1800FA0241 /* XCToolIncrementalBuildTests.xctest */ = {isa = PBXFileReference; explicitFileType = wrapper.cfbundle; includeInIndex = 0; path = XCToolIncrementalBuildTests.xctest; sourceTree = BUILT_PRODUCTS_DIR; };
		BB5204AF1A2E7F1800FA0241 /* Info.plist */ = {isa = PBXFileReference; lastKnownFileType = text.plist.xml; path = Info.plist; sourceTree = "<group>"; };
		BB5204B01A2E7F1800FA0241 /* XCToolIncrementalBuildTests.m */ = {isa = PBXFileReference; lastKnownFileType = sourcecode.c.objc; path = XCToolIncrementalBuildTests.m; sourceTree = "<group>"; };
/* End PBXFileReference section */

/* Begin PBXFrameworksBuildPhase section */
		BB52048E1A2E7F1800FA0241 /* Frameworks */ = {
			isa = PBXFrameworksBuildPhase;
			buildActionMask = 2147483647;
			files = (
			);
			runOnlyForDeploymentPostprocessing = 0;
		};
		BB5204A71A2E7F1800FA0241 /* Frameworks */ = {
			isa = PBXFrameworksBuildPhase;
			buildActionMask = 2147483647;
			files = (
			);
			runOnlyForDeploymentPostprocessing = 0;
		};
/* End PBXFrameworksBuildPhase section */

/* Begin PBXGroup section */
		BB5204881A2E7F1800FA0241 = {
			isa = PBXGroup;
			children = (
				BB5204931A2E7F1800FA0241 /* XCToolIncrementalBuild */,
				BB5204AD1A2E7F1800FA0241 /* XCToolIncrementalBuildTests */,
				BB5204921A2E7F1800FA0241 /* Products */,
			);
			sourceTree = "<group>";
		};
		BB5204921A2E7F1800FA0241 /* Products */ = {
			isa = PBXGroup;
			children = (
				BB5204911A2E7F1800FA0241 /* XCToolIncrementalBuild.app */,
				BB5204AA1A2E7F1800FA0241 /* XCToolIncrementalBuildTests.xctest */,
			);
			name = Products;
			sourceTree = "<group>";
		};
		BB5204931A2E7F1800FA0241 /* XCToolIncrementalBuild */ = {
			isa = PBXGroup;
			children = (
				BB5204981A2E7F1800FA0241 /* AppDelegate.h */,
				BB5204991A2E7F1800FA0241 /* AppDelegate.m */,
				BB52049B1A2E7F1800FA0241 /* ViewController.h */,
				BB52049C1A2E7F1800FA0241 /* ViewController.m */,
				BB52049E1A2E7F1800FA0241 /* Main.storyboard */,
				BB5204A11A2E7F1800FA0241 /* Images.xcassets */,
				BB5204A31A2E7F1800FA0241 /* LaunchScreen.xib */,
				BB5204941A2E7F1800FA0241 /* Supporting Files */,
			);
			path = XCToolIncrementalBuild;
			sourceTree = "<group>";
		};
		BB5204941A2E7F1800FA0241 /* Supporting Files */ = {
			isa = PBXGroup;
			children = (
				BB5204951A2E7F1800FA0241 /* Info.plist */,
				BB5204961A2E7F1800FA0241 /* main.m */,
			);
			name = "Supporting Files";
			sourceTree = "<group>";
		};
		BB5204AD1A2E7F1800FA0241 /* XCToolIncrementalBuildTests */ = {
			isa = PBXGroup;
			children = (
				BB5204B01A2E7F1800FA0241 /* XCToolIncrementalBuildTests.m */,
				BB5204AE1A2E7F1800FA0241 /* Supporting Files */,
			);
			path = XCToolIncrementalBuildTests;
			sourceTree = "<group>";
		};
		BB5204AE1A2E7F1800FA0241 /* Supporting Files */ = {
			isa = PBXGroup;
			children = (
				BB5204AF1A2E7F1800FA0241 /* Info.plist */,
			);
			name = "Supporting Files";
			sourceTree = "<group>";
		};
/* End PBXGroup section */

/* Begin PBXNativeTarget section */
		BB5204901A2E7F1800FA0241 /* XCToolIncrementalBuild */ = {
			isa = PBXNativeTarget;
			buildConfigurationList = BB5204B41A2E7F1800FA0241 /* Build configuration list for PBXNativeTarget "XCToolIncrementalBuild" */;
			buildPhases = (
				BB52048D1A2E7F1800FA0241 /* Sources */,
				BB52048E1A2E7F1800FA0241 /* Frameworks */,
				BB52048F1A2E7F1800FA0241 /* Resources */,
			);
			buildRules = (
			);
			dependencies = (
			);
			name = XCToolIncrementalBuild;
			productName = XCToolIncrementalBuild;
			productReference = BB5204911A2E7F1800FA0241 /* XCToolIncrementalBuild.app */;
			productType = "com.apple.product-type.application";
		};
		BB5204A91A2E7F1800FA0241 /* XCToolIncrementalBuildTests */ = {
			isa = PBXNativeTarget;
			buildConfigurationList = BB5204B71A2E7F1800FA0241 /* Build configuration list for PBXNativeTarget "XCToolIncrementalBuildTests" */;
			buildPhases = (
				BB5204A61A2E7F1800FA0241 /* Sources */,
				BB5204A71A2E7F1800FA0241 /* Frameworks */,
				BB5204A81A2E7F1800FA0241 /* Resources */,
			);
			buildRules = (
			);
			dependencies = (
				BB5204AC1A2E7F1800FA0241 /* PBXTargetDependency */,
			);
			name = XCToolIncrementalBuildTests;
			productName = XCToolIncrementalBuildTests;
			productReference = BB5204AA1A2E7F1800FA0241 /* XCToolIncrementalBuildTests.xctest */;
			productType = "com.apple.product-type.bundle.unit-test";
		};
/* End PBXNativeTarget section */

/* Begin PBXProject section */
		BB5204891A2E7F1800FA0241 /* Project object */ = {
			isa = PBXProject;
			attributes = {
				LastUpgradeCheck = 0610;
				ORGANIZATIONNAME = Yelp;
				TargetAttributes = {
					BB5204901A2E7F1800FA0241 = {
						CreatedOnToolsVersion = 6.1.1;
					};
					BB5204A91A2E7F1800FA0241 = {
						CreatedOnToolsVersion = 6.1.1;
						TestTargetID = BB5204901A2E7F1800FA0241;
					};
				};
			};
			buildConfigurationList = BB52048C1A2E7F1800FA0241 /* Build configuration list for PBXProject "XCToolIncrementalBuild" */;
			compatibilityVersion = "Xcode 3.2";
			developmentRegion = English;
			hasScannedForEncodings = 0;
			knownRegions = (
				en,
				Base,
			);
			mainGroup = BB5204881A2E7F1800FA0241;
			productRefGroup = BB5204921A2E7F1800FA0241 /* Products */;
			projectDirPath = "";
			projectRoot = "";
			targets = (
				BB5204901A2E7F1800FA0241 /* XCToolIncrementalBuild */,
				BB5204A91A2E7F1800FA0241 /* XCToolIncrementalBuildTests */,
			);
		};
/* End PBXProject section */

/* Begin PBXResourcesBuildPhase section */
		BB52048F1A2E7F1800FA0241 /* Resources */ = {
			isa = PBXResourcesBuildPhase;
			buildActionMask = 2147483647;
			files = (
				BB5204A01A2E7F1800FA0241 /* Main.storyboard in Resources */,
				BB5204A51A2E7F1800FA0241 /* LaunchScreen.xib in Resources */,
				BB5204A21A2E7F1800FA0241 /* Images.xcassets in Resources */,
			);
			runOnlyForDeploymentPostprocessing = 0;
		};
		BB5204A81A2E7F1800FA0241 /* Resources */ = {
			isa = PBXResourcesBuildPhase;
			buildActionMask = 2147483647;
			files = (
			);
			runOnlyForDeploymentPostprocessing = 0;
		};
/* End PBXResourcesBuildPhase section */

/* Begin PBXSourcesBuildPhase section */
		BB52048D1A2E7F1800FA0241 /* Sources */ = {
			isa = PBXSourcesBuildPhase;
			buildActionMask = 2147483647;
			files = (
				BB52049D1A2E7F1800FA0241 /* ViewController.m in Sources */,
				BB52049A1A2E7F1800FA0241 /* AppDelegate.m in Sources */,
				BB5204971A2E7F1800FA0241 /* main.m in Sources */,
			);
			runOnlyForDeploymentPostprocessing = 0;
		};
		BB5204A61A2E7F1800FA0241 /* Sources */ = {
			isa = PBXSourcesBuildPhase;
			buildActionMask = 2147483647;
			files = (
				BB5204B11A2E7F1800FA0241 /* XCToolIncrementalBuildTests.m in Sources */,
			);
			runOnlyForDeploymentPostprocessing = 0;
		};
/* End PBXSourcesBuildPhase section */

/* Begin PBXTargetDependency section */
		BB5204AC1A2E7F1800FA0241 /* PBXTargetDependency */ = {
			isa = PBXTargetDependency;
			target = BB5204901A2E7F1800FA0241 /* XCToolIncrementalBuild */;
			targetProxy = BB5204AB1A2E7F1800FA0241 /* PBXContainerItemProxy */;
		};
/* End PBXTargetDependency section */

/* Begin PBXVariantGroup section */
		BB52049E1A2E7F1800FA0241 /* Main.storyboard */ = {
			isa = PBXVariantGroup;
			children = (
				BB52049F1A2E7F1800FA0241 /* Base */,
			);
			name = Main.storyboard;
			sourceTree = "<group>";
		};
		BB5204A31A2E7F1800FA0241 /* LaunchScreen.xib */ = {
			isa = PBXVariantGroup;
			children = (
				BB5204A41A2E7F1800FA0241 /* Base */,
			);
			name = LaunchScreen.xib;
			sourceTree = "<group>";
		};
/* End PBXVariantGroup section */

/* Begin XCBuildConfiguration section */
		BB5204B21A2E7F1800FA0241 /* Debug */ = {
			isa = XCBuildConfiguration;
			buildSettings = {
				ALWAYS_SEARCH_USER_PATHS = NO;
				CLANG_CXX_LANGUAGE_STANDARD = "gnu++0x";
				CLANG_CXX_LIBRARY = "libc++";
				CLANG_ENABLE_MODULES = YES;
				CLANG_ENABLE_OBJC_ARC = YES;
				CLANG_WARN_BOOL_CONVERSION = YES;
				CLANG_WARN_CONSTANT_CONVERSION = YES;
				CLANG_WARN_DIRECT_OBJC_ISA_USAGE = YES_ERROR;
				CLANG_WARN_EMPTY_BODY = YES;
				CLANG_WARN_ENUM_CONVERSION = YES;
				CLANG_WARN_INT_CONVERSION = YES;
				CLANG_WARN_OBJC_ROOT_CLASS = YES_ERROR;
				CLANG_WARN_UNREACHABLE_CODE = YES;
				CLANG_WARN__DUPLICATE_METHOD_MATCH = YES;
				"CODE_SIGN_IDENTITY[sdk=iphoneos*]" = "iPhone Developer";
				COPY_PHASE_STRIP = NO;
				ENABLE_STRICT_OBJC_MSGSEND = YES;
				GCC_C_LANGUAGE_STANDARD = gnu99;
				GCC_DYNAMIC_NO_PIC = NO;
				GCC_OPTIMIZATION_LEVEL = 0;
				GCC_PREPROCESSOR_DEFINITIONS = (
					"DEBUG=1",
					"$(inherited)",
				);
				GCC_SYMBOLS_PRIVATE_EXTERN = NO;
				GCC_WARN_64_TO_32_BIT_CONVERSION = YES;
				GCC_WARN_ABOUT_RETURN_TYPE = YES_ERROR;
				GCC_WARN_UNDECLARED_SELECTOR = YES;
				GCC_WARN_UNINITIALIZED_AUTOS = YES_AGGRESSIVE;
				GCC_WARN_UNUSED_FUNCTION = YES;
				GCC_WARN_UNUSED_VARIABLE = YES;
				IPHONEOS_DEPLOYMENT_TARGET = 8.1;
				MTL_ENABLE_DEBUG_INFO = YES;
				ONLY_ACTIVE_ARCH = YES;
				SDKROOT = iphoneos;
				TARGETED_DEVICE_FAMILY = "1,2";
			};
			name = Debug;
		};
		BB5204B31A2E7F1800FA0241 /* Release */ = {
			isa = XCBuildConfiguration;
			buildSettings = {
				ALWAYS_SEARCH_USER_PATHS = NO;
				CLANG_CXX_LANGUAGE_STANDARD = "gnu++0x";
				CLANG_CXX_LIBRARY = "libc++";
				CLANG_ENABLE_MODULES = YES;
				CLANG_ENABLE_OBJC_ARC = YES;
				CLANG_WARN_BOOL_CONVERSION = YES;
				CLANG_WARN_CONSTANT_CONVERSION = YES;
				CLANG_WARN_DIRECT_OBJC_ISA_USAGE = YES_ERROR;
				CLANG_WARN_EMPTY_BODY = YES;
				CLANG_WARN_ENUM_CONVERSION = YES;
				CLANG_WARN_INT_CONVERSION = YES;
				CLANG_WARN_OBJC_ROOT_CLASS = YES_ERROR;
				CLANG_WARN_UNREACHABLE_CODE = YES;
				CLANG_WARN__DUPLICATE_METHOD_MATCH = YES;
				"CODE_SIGN_IDENTITY[sdk=iphoneos*]" = "iPhone Developer";
				COPY_PHASE_STRIP = YES;
				ENABLE_NS_ASSERTIONS = NO;
				ENABLE_STRICT_OBJC_MSGSEND = YES;
				GCC_C_LANGUAGE_STANDARD = gnu99;
				GCC_WARN_64_TO_32_BIT_CONVERSION = YES;
				GCC_WARN_ABOUT_RETURN_TYPE = YES_ERROR;
				GCC_WARN_UNDECLARED_SELECTOR = YES;
				GCC_WARN_UNINITIALIZED_AUTOS = YES_AGGRESSIVE;
				GCC_WARN_UNUSED_FUNCTION = YES;
				GCC_WARN_UNUSED_VARIABLE = YES;
				IPHONEOS_DEPLOYMENT_TARGET = 8.1;
				MTL_ENABLE_DEBUG_INFO = NO;
				SDKROOT = iphoneos;
				TARGETED_DEVICE_FAMILY = "1,2";
				VALIDATE_PRODUCT = YES;
			};
			name = Release;
		};
		BB5204B51A2E7F1800FA0241 /* Debug */ = {
			isa = XCBuildConfiguration;
			buildSettings = {
				ASSETCATALOG_COMPILER_APPICON_NAME = AppIcon;
				INFOPLIST_FILE = XCToolIncrementalBuild/Info.plist;
				LD_RUNPATH_SEARCH_PATHS = "$(inherited) @executable_path/Frameworks";
				PRODUCT_NAME = "$(TARGET_NAME)";
			};
			name = Debug;
		};
		BB5204B61A2E7F1800FA0241 /* Release */ = {
			isa = XCBuildConfiguration;
			buildSettings = {
				ASSETCATALOG_COMPILER_APPICON_NAME = AppIcon;
				INFOPLIST_FILE = XCToolIncrementalBuild/Info.plist;
				LD_RUNPATH_SEARCH_PATHS = "$(inherited) @executable_path/Frameworks";
				PRODUCT_NAME = "$(TARGET_NAME)";
			};
			name = Release;
		};
		BB5204B81A2E7F1800FA0241 /* Debug */ = {
			isa = XCBuildConfiguration;
			buildSettings = {
				BUNDLE_LOADER = "$(TEST_HOST)";
				FRAMEWORK_SEARCH_PATHS = (
					"$(SDKROOT)/Developer/Library/Frameworks",
					"$(inherited)",
				);
				GCC_PREPROCESSOR_DEFINITIONS = (
					"DEBUG=1",
					"$(inherited)",
				);
				INFOPLIST_FILE = XCToolIncrementalBuildTests/Info.plist;
				LD_RUNPATH_SEARCH_PATHS = "$(inherited) @executable_path/Frameworks @loader_path/Frameworks";
				PRODUCT_NAME = "$(TARGET_NAME)";
				TEST_HOST = "$(BUILT_PRODUCTS_DIR)/XCToolIncrementalBuild.app/XCToolIncrementalBuild";
			};
			name = Debug;
		};
		BB5204B91A2E7F1800FA0241 /* Release */ = {
			isa = XCBuildConfiguration;
			buildSettings = {
				BUNDLE_LOADER = "$(TEST_HOST)";
				FRAMEWORK_SEARCH_PATHS = (
					"$(SDKROOT)/Developer/Library/Frameworks",
					"$(inherited)",
				);
				INFOPLIST_FILE = XCToolIncrementalBuildTests/Info.plist;
				LD_RUNPATH_SEARCH_PATHS = "$(inherited) @executable_path/Frameworks @loader_path/Frameworks";
				PRODUCT_NAME = "$(TARGET_NAME)";
				TEST_HOST = "$(BUILT_PRODUCTS_DIR)/XCToolIncrementalBuild.app/XCToolIncrementalBuild";
			};
			name = Release;
		};
/* End XCBuildConfiguration section */

/* Begin XCConfigurationList section */
		BB52048C1A2E7F1800FA0241 /* Build configuration list for PBXProject "XCToolIncrementalBuild" */ = {
			isa = XCConfigurationList;
			buildConfigurations = (
				BB5204B21A2E7F1800FA0241 /* Debug */,
				BB5204B31A2E7F1800FA0241 /* Release */,
			);
			defaultConfigurationIsVisible = 0;
			defaultConfigurationName = Release;
		};
		BB5204B41A2E7F1800FA0241 /* Build configuration list for PBXNativeTarget "XCToolIncrementalBuild" */ = {
			isa = XCConfigurationList;
			buildConfigurations = (
				BB5204B51A2E7F1800FA0241 /* Debug */,
				BB5204B61A2E7F1800FA0241 /* Release */,
			);
			defaultConfigurationIsVisible = 0;
		};
		BB5204B71A2E7F1800FA0241 /* Build configuration list for PBXNativeTarget "XCToolIncrementalBuildTests" */ = {
			isa = XCConfigurationList;
			buildConfigurations = (
				BB5204B81A2E7F1800FA0241 /* Debug */,
				BB5204B91A2E7F1800FA0241 /* Release */,
			);
			defaultConfigurationIsVisible = 0;
		};
/* End XCConfigurationList section */
	};
	rootObject = BB5204891A2E7F1800FA0241 /* Project object */;
}
